Microsoft Visual Studio Solution File, Format Version 11.00
# Visual Studio 2008

Project("{B375B263-6E3A-6276-F89D-25C895B6ACD4}") = "NextAVG", "Assembly-CSharp-vs.csproj", "{0134BC8A-DE6F-5C27-08E8-CD7675177A3F}"
EndProject
Project("{B375B263-6E3A-6276-F89D-25C895B6ACD4}") = "NextAVG", "Assembly-CSharp-Editor-vs.csproj", "{1196BEF6-DF54-E08C-0AD9-3E7AB44EC199}"
EndProject
Global
	GlobalSection(SolutionConfigurationPlatforms) = preSolution
		Debug|Any CPU = Debug|Any CPU
		Release|Any CPU = Release|Any CPU
	EndGlobalSection
	GlobalSection(ProjectConfigurationPlatforms) = postSolution
		{0134BC8A-DE6F-5C27-08E8-CD7675177A3F}.Debug|Any CPU.ActiveCfg = Debug|Any CPU
		{0134BC8A-DE6F-5C27-08E8-CD7675177A3F}.Debug|Any CPU.Build.0 = Debug|Any CPU
		{0134BC8A-DE6F-5C27-08E8-CD7675177A3F}.Release|Any CPU.ActiveCfg = Release|Any CPU
		{0134BC8A-DE6F-5C27-08E8-CD7675177A3F}.Release|Any CPU.Build.0 = Release|Any CPU
		{1196BEF6-DF54-E08C-0AD9-3E7AB44EC199}.Debug|Any CPU.ActiveCfg = Debug|Any CPU
		{1196BEF6-DF54-E08C-0AD9-3E7AB44EC199}.Debug|Any CPU.Build.0 = Debug|Any CPU
		{1196BEF6-DF54-E08C-0AD9-3E7AB44EC199}.Release|Any CPU.ActiveCfg = Release|Any CPU
		{1196BEF6-DF54-E08C-0AD9-3E7AB44EC199}.Release|Any CPU.Build.0 = Release|Any CPU
	EndGlobalSection
	GlobalSection(SolutionProperties) = preSolution
		HideSolutionNode = FALSE
	EndGlobalSection
			GlobalSection(MonoDevelopProperties) = preSolution
		StartupItem = Assembly-CSharp.csproj
		Policies = $0
		$0.TextStylePolicy = $1
		$1.inheritsSet = null
		$1.scope = text/x-csharp
		$0.CSharpFormattingPolicy = $2
		$2.inheritsSet = Mono
		$2.inheritsScope = text/x-csharp
		$2.scope = text/x-csharp
		$0.TextStylePolicy = $3
		$3.FileWidth = 120
		$3.TabWidth = 4
		$3.EolMarker = Unix
		$3.inheritsSet = Mono
		$3.inheritsScope = text/plain
		$3.scope = text/plain
	EndGlobalSection

EndGlobal
